// !$*UTF8*$!
{
	archiveVersion = 1;
	classes = {
	};
	objectVersion = 56;
	objects = {

/* Begin PBXBuildFile section */
		E803073F2BBA9594001BE916 /* HideKeyboard.swift in Sources */ = {isa = PBXBuildFile; fileRef = E803073E2BBA9594001BE916 /* HideKeyboard.swift */; };
		E80307412BBAA1BB001BE916 /* ChartView.swift in Sources */ = {isa = PBXBuildFile; fileRef = E80307402BBAA1BA001BE916 /* ChartView.swift */; };
		E8030F0D2BBB7513008164A7 /* OnboardingScreensView.swift in Sources */ = {isa = PBXBuildFile; fileRef = E8030F0C2BBB7513008164A7 /* OnboardingScreensView.swift */; };
		E8030F0F2BBB75B6008164A7 /* StartButtonView.swift in Sources */ = {isa = PBXBuildFile; fileRef = E8030F0E2BBB75B6008164A7 /* StartButtonView.swift */; };
		E8030F112BBB7650008164A7 /* OnboardingView.swift in Sources */ = {isa = PBXBuildFile; fileRef = E8030F102BBB7650008164A7 /* OnboardingView.swift */; };
		E815F31E2BAA517B0042E605 /* URLSessionApiService.swift in Sources */ = {isa = PBXBuildFile; fileRef = E815F31D2BAA517B0042E605 /* URLSessionApiService.swift */; };
		E815F3212BAA521F0042E605 /* ApiServiceProtocol.swift in Sources */ = {isa = PBXBuildFile; fileRef = E815F3202BAA521F0042E605 /* ApiServiceProtocol.swift */; };
		E815F3242BAA580E0042E605 /* APIConstants.swift in Sources */ = {isa = PBXBuildFile; fileRef = E815F3232BAA580E0042E605 /* APIConstants.swift */; };
		E826E9812BBE188500EDA2C4 /* InternetManager.swift in Sources */ = {isa = PBXBuildFile; fileRef = E826E9802BBE188500EDA2C4 /* InternetManager.swift */; };
		E826E9832BBE237500EDA2C4 /* ButtonView.swift in Sources */ = {isa = PBXBuildFile; fileRef = E826E9822BBE237500EDA2C4 /* ButtonView.swift */; };
		E828B13B2BBA59AF007D658E /* DetailOrderListView.swift in Sources */ = {isa = PBXBuildFile; fileRef = E828B13A2BBA59AF007D658E /* DetailOrderListView.swift */; };
		E8A5C6882BBB415B00E8314B /* ChartViewModel.swift in Sources */ = {isa = PBXBuildFile; fileRef = E8A5C6872BBB415B00E8314B /* ChartViewModel.swift */; };
		E8A5C68A2BBB44A300E8314B /* OnboardingModel.swift in Sources */ = {isa = PBXBuildFile; fileRef = E8A5C6892BBB44A300E8314B /* OnboardingModel.swift */; };
		E8BF1BE92BB9EBFF00B9FF7A /* KeychainSwift in Frameworks */ = {isa = PBXBuildFile; productRef = E8BF1BE82BB9EBFF00B9FF7A /* KeychainSwift */; };
		E8D511E62BB5EE0B008529A4 /* UserLogin.swift in Sources */ = {isa = PBXBuildFile; fileRef = E8D511E52BB5EE0B008529A4 /* UserLogin.swift */; };
		E8D511EB2BB66A64008529A4 /* OrderViewModel.swift in Sources */ = {isa = PBXBuildFile; fileRef = E8D511EA2BB66A64008529A4 /* OrderViewModel.swift */; };
		E8D511ED2BB66C09008529A4 /* OrderApiService.swift in Sources */ = {isa = PBXBuildFile; fileRef = E8D511EC2BB66C09008529A4 /* OrderApiService.swift */; };
		E8D511EF2BB66D6D008529A4 /* Order.swift in Sources */ = {isa = PBXBuildFile; fileRef = E8D511EE2BB66D6D008529A4 /* Order.swift */; };
		E8D511F32BB67189008529A4 /* OrderView.swift in Sources */ = {isa = PBXBuildFile; fileRef = E8D511F22BB67189008529A4 /* OrderView.swift */; };
		E8D511F52BB682E9008529A4 /* ContentView.swift in Sources */ = {isa = PBXBuildFile; fileRef = E8D511F42BB682E9008529A4 /* ContentView.swift */; };
		E8D7311D2BAA3CCD003D1EF9 /* KazkYazilimProject_1App.swift in Sources */ = {isa = PBXBuildFile; fileRef = E8D7311C2BAA3CCD003D1EF9 /* KazkYazilimProject_1App.swift */; };
		E8D7311F2BAA3CCD003D1EF9 /* LoginScreenView.swift in Sources */ = {isa = PBXBuildFile; fileRef = E8D7311E2BAA3CCD003D1EF9 /* LoginScreenView.swift */; };
		E8D731212BAA3CCF003D1EF9 /* Assets.xcassets in Resources */ = {isa = PBXBuildFile; fileRef = E8D731202BAA3CCF003D1EF9 /* Assets.xcassets */; };
		E8D731242BAA3CCF003D1EF9 /* Preview Assets.xcassets in Resources */ = {isa = PBXBuildFile; fileRef = E8D731232BAA3CCF003D1EF9 /* Preview Assets.xcassets */; };
		E8D731312BAA3D35003D1EF9 /* LoginScreenViewModel.swift in Sources */ = {isa = PBXBuildFile; fileRef = E8D731302BAA3D35003D1EF9 /* LoginScreenViewModel.swift */; };
		E8D731332BAA3D47003D1EF9 /* FocusableField.swift in Sources */ = {isa = PBXBuildFile; fileRef = E8D731322BAA3D47003D1EF9 /* FocusableField.swift */; };
		E8D731362BAA3D63003D1EF9 /* TextFieldView.swift in Sources */ = {isa = PBXBuildFile; fileRef = E8D731352BAA3D63003D1EF9 /* TextFieldView.swift */; };
		E8D731382BAA3D6C003D1EF9 /* SecureTextField.swift in Sources */ = {isa = PBXBuildFile; fileRef = E8D731372BAA3D6C003D1EF9 /* SecureTextField.swift */; };
		E8D7313A2BAA3D75003D1EF9 /* BackgroundView.swift in Sources */ = {isa = PBXBuildFile; fileRef = E8D731392BAA3D75003D1EF9 /* BackgroundView.swift */; };
		E8D7313C2BAA3D98003D1EF9 /* UIColor + Ext.swift in Sources */ = {isa = PBXBuildFile; fileRef = E8D7313B2BAA3D97003D1EF9 /* UIColor + Ext.swift */; };
		E8DE318B2BAB8B6900B60F57 /* UserLoginApiService.swift in Sources */ = {isa = PBXBuildFile; fileRef = E8DE318A2BAB8B6900B60F57 /* UserLoginApiService.swift */; };
		E8E0F6752BB924B40005358E /* Poppins-Light.ttf in Resources */ = {isa = PBXBuildFile; fileRef = E8E0F6622BB924B40005358E /* Poppins-Light.ttf */; };
		E8E0F6762BB924B40005358E /* Poppins-Italic.ttf in Resources */ = {isa = PBXBuildFile; fileRef = E8E0F6632BB924B40005358E /* Poppins-Italic.ttf */; };
		E8E0F6772BB924B40005358E /* Poppins-ExtraBoldItalic.ttf in Resources */ = {isa = PBXBuildFile; fileRef = E8E0F6642BB924B40005358E /* Poppins-ExtraBoldItalic.ttf */; };
		E8E0F6782BB924B40005358E /* Poppins-BlackItalic.ttf in Resources */ = {isa = PBXBuildFile; fileRef = E8E0F6652BB924B40005358E /* Poppins-BlackItalic.ttf */; };
		E8E0F6792BB924B40005358E /* Poppins-Black.ttf in Resources */ = {isa = PBXBuildFile; fileRef = E8E0F6662BB924B40005358E /* Poppins-Black.ttf */; };
		E8E0F67A2BB924B40005358E /* Poppins-SemiBold.ttf in Resources */ = {isa = PBXBuildFile; fileRef = E8E0F6672BB924B40005358E /* Poppins-SemiBold.ttf */; };
		E8E0F67B2BB924B40005358E /* Poppins-SemiBoldItalic.ttf in Resources */ = {isa = PBXBuildFile; fileRef = E8E0F6682BB924B40005358E /* Poppins-SemiBoldItalic.ttf */; };
		E8E0F67C2BB924B40005358E /* Poppins-ExtraBold.ttf in Resources */ = {isa = PBXBuildFile; fileRef = E8E0F6692BB924B40005358E /* Poppins-ExtraBold.ttf */; };
		E8E0F67D2BB924B40005358E /* OFL.txt in Resources */ = {isa = PBXBuildFile; fileRef = E8E0F66A2BB924B40005358E /* OFL.txt */; };
		E8E0F67E2BB924B40005358E /* Poppins-ExtraLightItalic.ttf in Resources */ = {isa = PBXBuildFile; fileRef = E8E0F66B2BB924B40005358E /* Poppins-ExtraLightItalic.ttf */; };
		E8E0F67F2BB924B40005358E /* Poppins-Regular.ttf in Resources */ = {isa = PBXBuildFile; fileRef = E8E0F66C2BB924B40005358E /* Poppins-Regular.ttf */; };
		E8E0F6802BB924B40005358E /* Poppins-Thin.ttf in Resources */ = {isa = PBXBuildFile; fileRef = E8E0F66D2BB924B40005358E /* Poppins-Thin.ttf */; };
		E8E0F6812BB924B40005358E /* Poppins-LightItalic.ttf in Resources */ = {isa = PBXBuildFile; fileRef = E8E0F66E2BB924B40005358E /* Poppins-LightItalic.ttf */; };
		E8E0F6822BB924B40005358E /* Poppins-BoldItalic.ttf in Resources */ = {isa = PBXBuildFile; fileRef = E8E0F66F2BB924B40005358E /* Poppins-BoldItalic.ttf */; };
		E8E0F6832BB924B40005358E /* Poppins-Medium.ttf in Resources */ = {isa = PBXBuildFile; fileRef = E8E0F6702BB924B40005358E /* Poppins-Medium.ttf */; };
		E8E0F6842BB924B40005358E /* Poppins-Bold.ttf in Resources */ = {isa = PBXBuildFile; fileRef = E8E0F6712BB924B40005358E /* Poppins-Bold.ttf */; };
		E8E0F6852BB924B40005358E /* Poppins-ExtraLight.ttf in Resources */ = {isa = PBXBuildFile; fileRef = E8E0F6722BB924B40005358E /* Poppins-ExtraLight.ttf */; };
		E8E0F6862BB924B40005358E /* Poppins-ThinItalic.ttf in Resources */ = {isa = PBXBuildFile; fileRef = E8E0F6732BB924B40005358E /* Poppins-ThinItalic.ttf */; };
		E8E0F6872BB924B40005358E /* Poppins-MediumItalic.ttf in Resources */ = {isa = PBXBuildFile; fileRef = E8E0F6742BB924B40005358E /* Poppins-MediumItalic.ttf */; };
/* End PBXBuildFile section */

/* Begin PBXFileReference section */
		E803073E2BBA9594001BE916 /* HideKeyboard.swift */ = {isa = PBXFileReference; lastKnownFileType = sourcecode.swift; path = HideKeyboard.swift; sourceTree = "<group>"; };
		E80307402BBAA1BA001BE916 /* ChartView.swift */ = {isa = PBXFileReference; lastKnownFileType = sourcecode.swift; path = ChartView.swift; sourceTree = "<group>"; };
		E8030F0C2BBB7513008164A7 /* OnboardingScreensView.swift */ = {isa = PBXFileReference; lastKnownFileType = sourcecode.swift; path = OnboardingScreensView.swift; sourceTree = "<group>"; };
		E8030F0E2BBB75B6008164A7 /* StartButtonView.swift */ = {isa = PBXFileReference; lastKnownFileType = sourcecode.swift; path = StartButtonView.swift; sourceTree = "<group>"; };
		E8030F102BBB7650008164A7 /* OnboardingView.swift */ = {isa = PBXFileReference; lastKnownFileType = sourcecode.swift; path = OnboardingView.swift; sourceTree = "<group>"; };
		E815F31D2BAA517B0042E605 /* URLSessionApiService.swift */ = {isa = PBXFileReference; lastKnownFileType = sourcecode.swift; path = URLSessionApiService.swift; sourceTree = "<group>"; };
		E815F3202BAA521F0042E605 /* ApiServiceProtocol.swift */ = {isa = PBXFileReference; lastKnownFileType = sourcecode.swift; path = ApiServiceProtocol.swift; sourceTree = "<group>"; };
		E815F3232BAA580E0042E605 /* APIConstants.swift */ = {isa = PBXFileReference; lastKnownFileType = sourcecode.swift; path = APIConstants.swift; sourceTree = "<group>"; };
		E826E9802BBE188500EDA2C4 /* InternetManager.swift */ = {isa = PBXFileReference; lastKnownFileType = sourcecode.swift; path = InternetManager.swift; sourceTree = "<group>"; };
		E826E9822BBE237500EDA2C4 /* ButtonView.swift */ = {isa = PBXFileReference; lastKnownFileType = sourcecode.swift; path = ButtonView.swift; sourceTree = "<group>"; };
		E828B13A2BBA59AF007D658E /* DetailOrderListView.swift */ = {isa = PBXFileReference; lastKnownFileType = sourcecode.swift; path = DetailOrderListView.swift; sourceTree = "<group>"; };
		E8A5C6872BBB415B00E8314B /* ChartViewModel.swift */ = {isa = PBXFileReference; lastKnownFileType = sourcecode.swift; path = ChartViewModel.swift; sourceTree = "<group>"; };
		E8A5C6892BBB44A300E8314B /* OnboardingModel.swift */ = {isa = PBXFileReference; lastKnownFileType = sourcecode.swift; path = OnboardingModel.swift; sourceTree = "<group>"; };
		E8D511E52BB5EE0B008529A4 /* UserLogin.swift */ = {isa = PBXFileReference; lastKnownFileType = sourcecode.swift; path = UserLogin.swift; sourceTree = "<group>"; };
		E8D511E92BB61066008529A4 /* Info.plist */ = {isa = PBXFileReference; lastKnownFileType = text.plist; path = Info.plist; sourceTree = "<group>"; };
		E8D511EA2BB66A64008529A4 /* OrderViewModel.swift */ = {isa = PBXFileReference; lastKnownFileType = sourcecode.swift; path = OrderViewModel.swift; sourceTree = "<group>"; };
		E8D511EC2BB66C09008529A4 /* OrderApiService.swift */ = {isa = PBXFileReference; lastKnownFileType = sourcecode.swift; path = OrderApiService.swift; sourceTree = "<group>"; };
		E8D511EE2BB66D6D008529A4 /* Order.swift */ = {isa = PBXFileReference; lastKnownFileType = sourcecode.swift; path = Order.swift; sourceTree = "<group>"; };
		E8D511F22BB67189008529A4 /* OrderView.swift */ = {isa = PBXFileReference; lastKnownFileType = sourcecode.swift; path = OrderView.swift; sourceTree = "<group>"; };
		E8D511F42BB682E9008529A4 /* ContentView.swift */ = {isa = PBXFileReference; lastKnownFileType = sourcecode.swift; path = ContentView.swift; sourceTree = "<group>"; };
		E8D731192BAA3CCD003D1EF9 /* KazkYazilimProject-1.app */ = {isa = PBXFileReference; explicitFileType = wrapper.application; includeInIndex = 0; path = "KazkYazilimProject-1.app"; sourceTree = BUILT_PRODUCTS_DIR; };
		E8D7311C2BAA3CCD003D1EF9 /* KazkYazilimProject_1App.swift */ = {isa = PBXFileReference; lastKnownFileType = sourcecode.swift; path = KazkYazilimProject_1App.swift; sourceTree = "<group>"; };
		E8D7311E2BAA3CCD003D1EF9 /* LoginScreenView.swift */ = {isa = PBXFileReference; lastKnownFileType = sourcecode.swift; path = LoginScreenView.swift; sourceTree = "<group>"; };
		E8D731202BAA3CCF003D1EF9 /* Assets.xcassets */ = {isa = PBXFileReference; lastKnownFileType = folder.assetcatalog; path = Assets.xcassets; sourceTree = "<group>"; };
		E8D731232BAA3CCF003D1EF9 /* Preview Assets.xcassets */ = {isa = PBXFileReference; lastKnownFileType = folder.assetcatalog; path = "Preview Assets.xcassets"; sourceTree = "<group>"; };
		E8D731302BAA3D35003D1EF9 /* LoginScreenViewModel.swift */ = {isa = PBXFileReference; lastKnownFileType = sourcecode.swift; path = LoginScreenViewModel.swift; sourceTree = "<group>"; };
		E8D731322BAA3D47003D1EF9 /* FocusableField.swift */ = {isa = PBXFileReference; lastKnownFileType = sourcecode.swift; path = FocusableField.swift; sourceTree = "<group>"; };
		E8D731352BAA3D63003D1EF9 /* TextFieldView.swift */ = {isa = PBXFileReference; lastKnownFileType = sourcecode.swift; path = TextFieldView.swift; sourceTree = "<group>"; };
		E8D731372BAA3D6C003D1EF9 /* SecureTextField.swift */ = {isa = PBXFileReference; lastKnownFileType = sourcecode.swift; path = SecureTextField.swift; sourceTree = "<group>"; };
		E8D731392BAA3D75003D1EF9 /* BackgroundView.swift */ = {isa = PBXFileReference; lastKnownFileType = sourcecode.swift; path = BackgroundView.swift; sourceTree = "<group>"; };
		E8D7313B2BAA3D97003D1EF9 /* UIColor + Ext.swift */ = {isa = PBXFileReference; lastKnownFileType = sourcecode.swift; path = "UIColor + Ext.swift"; sourceTree = "<group>"; };
		E8DE318A2BAB8B6900B60F57 /* UserLoginApiService.swift */ = {isa = PBXFileReference; lastKnownFileType = sourcecode.swift; path = UserLoginApiService.swift; sourceTree = "<group>"; };
		E8E0F6622BB924B40005358E /* Poppins-Light.ttf */ = {isa = PBXFileReference; lastKnownFileType = file; path = "Poppins-Light.ttf"; sourceTree = "<group>"; };
		E8E0F6632BB924B40005358E /* Poppins-Italic.ttf */ = {isa = PBXFileReference; lastKnownFileType = file; path = "Poppins-Italic.ttf"; sourceTree = "<group>"; };
		E8E0F6642BB924B40005358E /* Poppins-ExtraBoldItalic.ttf */ = {isa = PBXFileReference; lastKnownFileType = file; path = "Poppins-ExtraBoldItalic.ttf"; sourceTree = "<group>"; };
		E8E0F6652BB924B40005358E /* Poppins-BlackItalic.ttf */ = {isa = PBXFileReference; lastKnownFileType = file; path = "Poppins-BlackItalic.ttf"; sourceTree = "<group>"; };
		E8E0F6662BB924B40005358E /* Poppins-Black.ttf */ = {isa = PBXFileReference; lastKnownFileType = file; path = "Poppins-Black.ttf"; sourceTree = "<group>"; };
		E8E0F6672BB924B40005358E /* Poppins-SemiBold.ttf */ = {isa = PBXFileReference; lastKnownFileType = file; path = "Poppins-SemiBold.ttf"; sourceTree = "<group>"; };
		E8E0F6682BB924B40005358E /* Poppins-SemiBoldItalic.ttf */ = {isa = PBXFileReference; lastKnownFileType = file; path = "Poppins-SemiBoldItalic.ttf"; sourceTree = "<group>"; };
		E8E0F6692BB924B40005358E /* Poppins-ExtraBold.ttf */ = {isa = PBXFileReference; lastKnownFileType = file; path = "Poppins-ExtraBold.ttf"; sourceTree = "<group>"; };
		E8E0F66A2BB924B40005358E /* OFL.txt */ = {isa = PBXFileReference; fileEncoding = 4; lastKnownFileType = text; path = OFL.txt; sourceTree = "<group>"; };
		E8E0F66B2BB924B40005358E /* Poppins-ExtraLightItalic.ttf */ = {isa = PBXFileReference; lastKnownFileType = file; path = "Poppins-ExtraLightItalic.ttf"; sourceTree = "<group>"; };
		E8E0F66C2BB924B40005358E /* Poppins-Regular.ttf */ = {isa = PBXFileReference; lastKnownFileType = file; path = "Poppins-Regular.ttf"; sourceTree = "<group>"; };
		E8E0F66D2BB924B40005358E /* Poppins-Thin.ttf */ = {isa = PBXFileReference; lastKnownFileType = file; path = "Poppins-Thin.ttf"; sourceTree = "<group>"; };
		E8E0F66E2BB924B40005358E /* Poppins-LightItalic.ttf */ = {isa = PBXFileReference; lastKnownFileType = file; path = "Poppins-LightItalic.ttf"; sourceTree = "<group>"; };
		E8E0F66F2BB924B40005358E /* Poppins-BoldItalic.ttf */ = {isa = PBXFileReference; lastKnownFileType = file; path = "Poppins-BoldItalic.ttf"; sourceTree = "<group>"; };
		E8E0F6702BB924B40005358E /* Poppins-Medium.ttf */ = {isa = PBXFileReference; lastKnownFileType = file; path = "Poppins-Medium.ttf"; sourceTree = "<group>"; };
		E8E0F6712BB924B40005358E /* Poppins-Bold.ttf */ = {isa = PBXFileReference; lastKnownFileType = file; path = "Poppins-Bold.ttf"; sourceTree = "<group>"; };
		E8E0F6722BB924B40005358E /* Poppins-ExtraLight.ttf */ = {isa = PBXFileReference; lastKnownFileType = file; path = "Poppins-ExtraLight.ttf"; sourceTree = "<group>"; };
		E8E0F6732BB924B40005358E /* Poppins-ThinItalic.ttf */ = {isa = PBXFileReference; lastKnownFileType = file; path = "Poppins-ThinItalic.ttf"; sourceTree = "<group>"; };
		E8E0F6742BB924B40005358E /* Poppins-MediumItalic.ttf */ = {isa = PBXFileReference; lastKnownFileType = file; path = "Poppins-MediumItalic.ttf"; sourceTree = "<group>"; };
/* End PBXFileReference section */

/* Begin PBXFrameworksBuildPhase section */
		E8D731162BAA3CCD003D1EF9 /* Frameworks */ = {
			isa = PBXFrameworksBuildPhase;
			buildActionMask = 2147483647;
			files = (
				E8BF1BE92BB9EBFF00B9FF7A /* KeychainSwift in Frameworks */,
			);
			runOnlyForDeploymentPostprocessing = 0;
		};
/* End PBXFrameworksBuildPhase section */

/* Begin PBXGroup section */
		E815F31C2BAA51700042E605 /* BaseService */ = {
			isa = PBXGroup;
			children = (
				E815F31D2BAA517B0042E605 /* URLSessionApiService.swift */,
			);
			path = BaseService;
			sourceTree = "<group>";
		};
		E815F31F2BAA52050042E605 /* Protocol */ = {
			isa = PBXGroup;
			children = (
				E815F3202BAA521F0042E605 /* ApiServiceProtocol.swift */,
			);
			path = Protocol;
			sourceTree = "<group>";
		};
		E815F3222BAA58020042E605 /* Helpers */ = {
			isa = PBXGroup;
			children = (
				E8E0F6612BB924AB0005358E /* Font */,
				E815F3232BAA580E0042E605 /* APIConstants.swift */,
				E826E9802BBE188500EDA2C4 /* InternetManager.swift */,
			);
			path = Helpers;
			sourceTree = "<group>";
		};
		E8A5C68E2BBB5F1000E8314B /* Onboarding */ = {
			isa = PBXGroup;
			children = (
				E8030F0C2BBB7513008164A7 /* OnboardingScreensView.swift */,
				E8030F0E2BBB75B6008164A7 /* StartButtonView.swift */,
				E8030F102BBB7650008164A7 /* OnboardingView.swift */,
			);
			path = Onboarding;
			sourceTree = "<group>";
		};
		E8D731102BAA3CCD003D1EF9 = {
			isa = PBXGroup;
			children = (
				E8D7311B2BAA3CCD003D1EF9 /* KazkYazilimProject-1 */,
				E8D7311A2BAA3CCD003D1EF9 /* Products */,
			);
			sourceTree = "<group>";
		};
		E8D7311A2BAA3CCD003D1EF9 /* Products */ = {
			isa = PBXGroup;
			children = (
				E8D731192BAA3CCD003D1EF9 /* KazkYazilimProject-1.app */,
			);
			name = Products;
			sourceTree = "<group>";
		};
		E8D7311B2BAA3CCD003D1EF9 /* KazkYazilimProject-1 */ = {
			isa = PBXGroup;
			children = (
				E8D511E92BB61066008529A4 /* Info.plist */,
				E815F3222BAA58020042E605 /* Helpers */,
				E8D7312F2BAA3D00003D1EF9 /* App */,
				E8D7312E2BAA3CF8003D1EF9 /* Services */,
				E8D7312D2BAA3CDB003D1EF9 /* Extensions */,
				E8D7312C2BAA3CD9003D1EF9 /* Models */,
				E8D7312A2BAA3CD5003D1EF9 /* Views */,
				E8D7312B2BAA3CD8003D1EF9 /* ViewModels */,
				E8D731202BAA3CCF003D1EF9 /* Assets.xcassets */,
				E8D731222BAA3CCF003D1EF9 /* Preview Content */,
			);
			path = "KazkYazilimProject-1";
			sourceTree = "<group>";
		};
		E8D731222BAA3CCF003D1EF9 /* Preview Content */ = {
			isa = PBXGroup;
			children = (
				E8D731232BAA3CCF003D1EF9 /* Preview Assets.xcassets */,
			);
			path = "Preview Content";
			sourceTree = "<group>";
		};
		E8D7312A2BAA3CD5003D1EF9 /* Views */ = {
			isa = PBXGroup;
			children = (
				E8A5C68E2BBB5F1000E8314B /* Onboarding */,
				E8DE31812BAB31E300B60F57 /* Home */,
				E8DE31802BAB31DE00B60F57 /* Login */,
				E8D731342BAA3D55003D1EF9 /* ComponentsViews */,
			);
			path = Views;
			sourceTree = "<group>";
		};
		E8D7312B2BAA3CD8003D1EF9 /* ViewModels */ = {
			isa = PBXGroup;
			children = (
				E8D731302BAA3D35003D1EF9 /* LoginScreenViewModel.swift */,
				E8D511EA2BB66A64008529A4 /* OrderViewModel.swift */,
				E8A5C6872BBB415B00E8314B /* ChartViewModel.swift */,
			);
			path = ViewModels;
			sourceTree = "<group>";
		};
		E8D7312C2BAA3CD9003D1EF9 /* Models */ = {
			isa = PBXGroup;
			children = (
				E8D731322BAA3D47003D1EF9 /* FocusableField.swift */,
				E8D511E52BB5EE0B008529A4 /* UserLogin.swift */,
				E8D511EE2BB66D6D008529A4 /* Order.swift */,
				E8A5C6892BBB44A300E8314B /* OnboardingModel.swift */,
			);
			path = Models;
			sourceTree = "<group>";
		};
		E8D7312D2BAA3CDB003D1EF9 /* Extensions */ = {
			isa = PBXGroup;
			children = (
				E803073E2BBA9594001BE916 /* HideKeyboard.swift */,
				E8D7313B2BAA3D97003D1EF9 /* UIColor + Ext.swift */,
			);
			path = Extensions;
			sourceTree = "<group>";
		};
		E8D7312E2BAA3CF8003D1EF9 /* Services */ = {
			isa = PBXGroup;
			children = (
				E8F7D6D52BB75D8F0039C228 /* UserLogin */,
				E8F7D6D42BB75D860039C228 /* Order */,
				E815F31F2BAA52050042E605 /* Protocol */,
				E815F31C2BAA51700042E605 /* BaseService */,
			);
			path = Services;
			sourceTree = "<group>";
		};
		E8D7312F2BAA3D00003D1EF9 /* App */ = {
			isa = PBXGroup;
			children = (
				E8D511F42BB682E9008529A4 /* ContentView.swift */,
				E8D7311C2BAA3CCD003D1EF9 /* KazkYazilimProject_1App.swift */,
			);
			path = App;
			sourceTree = "<group>";
		};
		E8D731342BAA3D55003D1EF9 /* ComponentsViews */ = {
			isa = PBXGroup;
			children = (
				E8D731352BAA3D63003D1EF9 /* TextFieldView.swift */,
				E8D731372BAA3D6C003D1EF9 /* SecureTextField.swift */,
				E8D731392BAA3D75003D1EF9 /* BackgroundView.swift */,
				E826E9822BBE237500EDA2C4 /* ButtonView.swift */,
			);
			path = ComponentsViews;
			sourceTree = "<group>";
		};
		E8DE31802BAB31DE00B60F57 /* Login */ = {
			isa = PBXGroup;
			children = (
				E8D7311E2BAA3CCD003D1EF9 /* LoginScreenView.swift */,
			);
			path = Login;
			sourceTree = "<group>";
		};
		E8DE31812BAB31E300B60F57 /* Home */ = {
			isa = PBXGroup;
			children = (
				E8D511F22BB67189008529A4 /* OrderView.swift */,
				E828B13A2BBA59AF007D658E /* DetailOrderListView.swift */,
				E80307402BBAA1BA001BE916 /* ChartView.swift */,
			);
			path = Home;
			sourceTree = "<group>";
		};
		E8E0F6612BB924AB0005358E /* Font */ = {
			isa = PBXGroup;
			children = (
				E8E0F66A2BB924B40005358E /* OFL.txt */,
				E8E0F6662BB924B40005358E /* Poppins-Black.ttf */,
				E8E0F6652BB924B40005358E /* Poppins-BlackItalic.ttf */,
				E8E0F6712BB924B40005358E /* Poppins-Bold.ttf */,
				E8E0F66F2BB924B40005358E /* Poppins-BoldItalic.ttf */,
				E8E0F6692BB924B40005358E /* Poppins-ExtraBold.ttf */,
				E8E0F6642BB924B40005358E /* Poppins-ExtraBoldItalic.ttf */,
				E8E0F6722BB924B40005358E /* Poppins-ExtraLight.ttf */,
				E8E0F66B2BB924B40005358E /* Poppins-ExtraLightItalic.ttf */,
				E8E0F6632BB924B40005358E /* Poppins-Italic.ttf */,
				E8E0F6622BB924B40005358E /* Poppins-Light.ttf */,
				E8E0F66E2BB924B40005358E /* Poppins-LightItalic.ttf */,
				E8E0F6702BB924B40005358E /* Poppins-Medium.ttf */,
				E8E0F6742BB924B40005358E /* Poppins-MediumItalic.ttf */,
				E8E0F66C2BB924B40005358E /* Poppins-Regular.ttf */,
				E8E0F6672BB924B40005358E /* Poppins-SemiBold.ttf */,
				E8E0F6682BB924B40005358E /* Poppins-SemiBoldItalic.ttf */,
				E8E0F66D2BB924B40005358E /* Poppins-Thin.ttf */,
				E8E0F6732BB924B40005358E /* Poppins-ThinItalic.ttf */,
			);
			path = Font;
			sourceTree = "<group>";
		};
		E8F7D6D42BB75D860039C228 /* Order */ = {
			isa = PBXGroup;
			children = (
				E8D511EC2BB66C09008529A4 /* OrderApiService.swift */,
			);
			path = Order;
			sourceTree = "<group>";
		};
		E8F7D6D52BB75D8F0039C228 /* UserLogin */ = {
			isa = PBXGroup;
			children = (
				E8DE318A2BAB8B6900B60F57 /* UserLoginApiService.swift */,
			);
			path = UserLogin;
			sourceTree = "<group>";
		};
/* End PBXGroup section */

/* Begin PBXNativeTarget section */
		E8D731182BAA3CCD003D1EF9 /* KazkYazilimProject-1 */ = {
			isa = PBXNativeTarget;
			buildConfigurationList = E8D731272BAA3CCF003D1EF9 /* Build configuration list for PBXNativeTarget "KazkYazilimProject-1" */;
			buildPhases = (
				E8D731152BAA3CCD003D1EF9 /* Sources */,
				E8D731162BAA3CCD003D1EF9 /* Frameworks */,
				E8D731172BAA3CCD003D1EF9 /* Resources */,
			);
			buildRules = (
			);
			dependencies = (
			);
			name = "KazkYazilimProject-1";
			packageProductDependencies = (
				E8BF1BE82BB9EBFF00B9FF7A /* KeychainSwift */,
			);
			productName = "KazkYazilimProject-1";
			productReference = E8D731192BAA3CCD003D1EF9 /* KazkYazilimProject-1.app */;
			productType = "com.apple.product-type.application";
		};
/* End PBXNativeTarget section */

/* Begin PBXProject section */
		E8D731112BAA3CCD003D1EF9 /* Project object */ = {
			isa = PBXProject;
			attributes = {
				BuildIndependentTargetsInParallel = 1;
				LastSwiftUpdateCheck = 1520;
				LastUpgradeCheck = 1520;
				TargetAttributes = {
					E8D731182BAA3CCD003D1EF9 = {
						CreatedOnToolsVersion = 15.2;
					};
				};
			};
			buildConfigurationList = E8D731142BAA3CCD003D1EF9 /* Build configuration list for PBXProject "KazkYazilimProject-1" */;
			compatibilityVersion = "Xcode 14.0";
			developmentRegion = en;
			hasScannedForEncodings = 0;
			knownRegions = (
				en,
				Base,
			);
			mainGroup = E8D731102BAA3CCD003D1EF9;
			packageReferences = (
				E8BF1BE72BB9EBFF00B9FF7A /* XCRemoteSwiftPackageReference "keychain-swift" */,
			);
			productRefGroup = E8D7311A2BAA3CCD003D1EF9 /* Products */;
			projectDirPath = "";
			projectRoot = "";
			targets = (
				E8D731182BAA3CCD003D1EF9 /* KazkYazilimProject-1 */,
			);
		};
/* End PBXProject section */

/* Begin PBXResourcesBuildPhase section */
		E8D731172BAA3CCD003D1EF9 /* Resources */ = {
			isa = PBXResourcesBuildPhase;
			buildActionMask = 2147483647;
			files = (
				E8E0F67E2BB924B40005358E /* Poppins-ExtraLightItalic.ttf in Resources */,
				E8E0F6842BB924B40005358E /* Poppins-Bold.ttf in Resources */,
				E8E0F6812BB924B40005358E /* Poppins-LightItalic.ttf in Resources */,
				E8E0F6802BB924B40005358E /* Poppins-Thin.ttf in Resources */,
				E8D731242BAA3CCF003D1EF9 /* Preview Assets.xcassets in Resources */,
				E8E0F6832BB924B40005358E /* Poppins-Medium.ttf in Resources */,
				E8E0F67F2BB924B40005358E /* Poppins-Regular.ttf in Resources */,
				E8E0F67D2BB924B40005358E /* OFL.txt in Resources */,
				E8E0F6752BB924B40005358E /* Poppins-Light.ttf in Resources */,
				E8E0F6762BB924B40005358E /* Poppins-Italic.ttf in Resources */,
				E8E0F6792BB924B40005358E /* Poppins-Black.ttf in Resources */,
				E8D731212BAA3CCF003D1EF9 /* Assets.xcassets in Resources */,
				E8E0F67B2BB924B40005358E /* Poppins-SemiBoldItalic.ttf in Resources */,
				E8E0F67C2BB924B40005358E /* Poppins-ExtraBold.ttf in Resources */,
				E8E0F6852BB924B40005358E /* Poppins-ExtraLight.ttf in Resources */,
				E8E0F67A2BB924B40005358E /* Poppins-SemiBold.ttf in Resources */,
				E8E0F6782BB924B40005358E /* Poppins-BlackItalic.ttf in Resources */,
				E8E0F6862BB924B40005358E /* Poppins-ThinItalic.ttf in Resources */,
				E8E0F6772BB924B40005358E /* Poppins-ExtraBoldItalic.ttf in Resources */,
				E8E0F6872BB924B40005358E /* Poppins-MediumItalic.ttf in Resources */,
				E8E0F6822BB924B40005358E /* Poppins-BoldItalic.ttf in Resources */,
			);
			runOnlyForDeploymentPostprocessing = 0;
		};
/* End PBXResourcesBuildPhase section */

/* Begin PBXSourcesBuildPhase section */
		E8D731152BAA3CCD003D1EF9 /* Sources */ = {
			isa = PBXSourcesBuildPhase;
			buildActionMask = 2147483647;
			files = (
				E803073F2BBA9594001BE916 /* HideKeyboard.swift in Sources */,
				E8D511EB2BB66A64008529A4 /* OrderViewModel.swift in Sources */,
				E8D731382BAA3D6C003D1EF9 /* SecureTextField.swift in Sources */,
				E8D511EF2BB66D6D008529A4 /* Order.swift in Sources */,
				E8D511F32BB67189008529A4 /* OrderView.swift in Sources */,
				E8D7311F2BAA3CCD003D1EF9 /* LoginScreenView.swift in Sources */,
				E826E9832BBE237500EDA2C4 /* ButtonView.swift in Sources */,
				E8A5C68A2BBB44A300E8314B /* OnboardingModel.swift in Sources */,
				E826E9812BBE188500EDA2C4 /* InternetManager.swift in Sources */,
				E8D511ED2BB66C09008529A4 /* OrderApiService.swift in Sources */,
				E8D731362BAA3D63003D1EF9 /* TextFieldView.swift in Sources */,
				E8A5C6882BBB415B00E8314B /* ChartViewModel.swift in Sources */,
				E815F3212BAA521F0042E605 /* ApiServiceProtocol.swift in Sources */,
				E8030F112BBB7650008164A7 /* OnboardingView.swift in Sources */,
				E8D7313A2BAA3D75003D1EF9 /* BackgroundView.swift in Sources */,
				E8D7311D2BAA3CCD003D1EF9 /* KazkYazilimProject_1App.swift in Sources */,
				E8D731312BAA3D35003D1EF9 /* LoginScreenViewModel.swift in Sources */,
				E815F3242BAA580E0042E605 /* APIConstants.swift in Sources */,
				E815F31E2BAA517B0042E605 /* URLSessionApiService.swift in Sources */,
				E8D511E62BB5EE0B008529A4 /* UserLogin.swift in Sources */,
				E8D511F52BB682E9008529A4 /* ContentView.swift in Sources */,
				E8D731332BAA3D47003D1EF9 /* FocusableField.swift in Sources */,
				E80307412BBAA1BB001BE916 /* ChartView.swift in Sources */,
				E8DE318B2BAB8B6900B60F57 /* UserLoginApiService.swift in Sources */,
				E8030F0D2BBB7513008164A7 /* OnboardingScreensView.swift in Sources */,
				E8D7313C2BAA3D98003D1EF9 /* UIColor + Ext.swift in Sources */,
				E8030F0F2BBB75B6008164A7 /* StartButtonView.swift in Sources */,
				E828B13B2BBA59AF007D658E /* DetailOrderListView.swift in Sources */,
			);
			runOnlyForDeploymentPostprocessing = 0;
		};
/* End PBXSourcesBuildPhase section */

/* Begin XCBuildConfiguration section */
		E8D731252BAA3CCF003D1EF9 /* Debug */ = {
			isa = XCBuildConfiguration;
			buildSettings = {
				ALWAYS_SEARCH_USER_PATHS = NO;
				ASSETCATALOG_COMPILER_GENERATE_SWIFT_ASSET_SYMBOL_EXTENSIONS = YES;
				CLANG_ANALYZER_NONNULL = YES;
				CLANG_ANALYZER_NUMBER_OBJECT_CONVERSION = YES_AGGRESSIVE;
				CLANG_CXX_LANGUAGE_STANDARD = "gnu++20";
				CLANG_ENABLE_MODULES = YES;
				CLANG_ENABLE_OBJC_ARC = YES;
				CLANG_ENABLE_OBJC_WEAK = YES;
				CLANG_WARN_BLOCK_CAPTURE_AUTORELEASING = YES;
				CLANG_WARN_BOOL_CONVERSION = YES;
				CLANG_WARN_COMMA = YES;
				CLANG_WARN_CONSTANT_CONVERSION = YES;
				CLANG_WARN_DEPRECATED_OBJC_IMPLEMENTATIONS = YES;
				CLANG_WARN_DIRECT_OBJC_ISA_USAGE = YES_ERROR;
				CLANG_WARN_DOCUMENTATION_COMMENTS = YES;
				CLANG_WARN_EMPTY_BODY = YES;
				CLANG_WARN_ENUM_CONVERSION = YES;
				CLANG_WARN_INFINITE_RECURSION = YES;
				CLANG_WARN_INT_CONVERSION = YES;
				CLANG_WARN_NON_LITERAL_NULL_CONVERSION = YES;
				CLANG_WARN_OBJC_IMPLICIT_RETAIN_SELF = YES;
				CLANG_WARN_OBJC_LITERAL_CONVERSION = YES;
				CLANG_WARN_OBJC_ROOT_CLASS = YES_ERROR;
				CLANG_WARN_QUOTED_INCLUDE_IN_FRAMEWORK_HEADER = YES;
				CLANG_WARN_RANGE_LOOP_ANALYSIS = YES;
				CLANG_WARN_STRICT_PROTOTYPES = YES;
				CLANG_WARN_SUSPICIOUS_MOVE = YES;
				CLANG_WARN_UNGUARDED_AVAILABILITY = YES_AGGRESSIVE;
				CLANG_WARN_UNREACHABLE_CODE = YES;
				CLANG_WARN__DUPLICATE_METHOD_MATCH = YES;
				COPY_PHASE_STRIP = NO;
				DEBUG_INFORMATION_FORMAT = dwarf;
				ENABLE_STRICT_OBJC_MSGSEND = YES;
				ENABLE_TESTABILITY = YES;
				ENABLE_USER_SCRIPT_SANDBOXING = YES;
				GCC_C_LANGUAGE_STANDARD = gnu17;
				GCC_DYNAMIC_NO_PIC = NO;
				GCC_NO_COMMON_BLOCKS = YES;
				GCC_OPTIMIZATION_LEVEL = 0;
				GCC_PREPROCESSOR_DEFINITIONS = (
					"DEBUG=1",
					"$(inherited)",
				);
				GCC_WARN_64_TO_32_BIT_CONVERSION = YES;
				GCC_WARN_ABOUT_RETURN_TYPE = YES_ERROR;
				GCC_WARN_UNDECLARED_SELECTOR = YES;
				GCC_WARN_UNINITIALIZED_AUTOS = YES_AGGRESSIVE;
				GCC_WARN_UNUSED_FUNCTION = YES;
				GCC_WARN_UNUSED_VARIABLE = YES;
				IPHONEOS_DEPLOYMENT_TARGET = 17.2;
				LOCALIZATION_PREFERS_STRING_CATALOGS = YES;
				MTL_ENABLE_DEBUG_INFO = INCLUDE_SOURCE;
				MTL_FAST_MATH = YES;
				ONLY_ACTIVE_ARCH = YES;
				SDKROOT = iphoneos;
				SWIFT_ACTIVE_COMPILATION_CONDITIONS = "DEBUG $(inherited)";
				SWIFT_OPTIMIZATION_LEVEL = "-Onone";
			};
			name = Debug;
		};
		E8D731262BAA3CCF003D1EF9 /* Release */ = {
			isa = XCBuildConfiguration;
			buildSettings = {
				ALWAYS_SEARCH_USER_PATHS = NO;
				ASSETCATALOG_COMPILER_GENERATE_SWIFT_ASSET_SYMBOL_EXTENSIONS = YES;
				CLANG_ANALYZER_NONNULL = YES;
				CLANG_ANALYZER_NUMBER_OBJECT_CONVERSION = YES_AGGRESSIVE;
				CLANG_CXX_LANGUAGE_STANDARD = "gnu++20";
				CLANG_ENABLE_MODULES = YES;
				CLANG_ENABLE_OBJC_ARC = YES;
				CLANG_ENABLE_OBJC_WEAK = YES;
				CLANG_WARN_BLOCK_CAPTURE_AUTORELEASING = YES;
				CLANG_WARN_BOOL_CONVERSION = YES;
				CLANG_WARN_COMMA = YES;
				CLANG_WARN_CONSTANT_CONVERSION = YES;
				CLANG_WARN_DEPRECATED_OBJC_IMPLEMENTATIONS = YES;
				CLANG_WARN_DIRECT_OBJC_ISA_USAGE = YES_ERROR;
				CLANG_WARN_DOCUMENTATION_COMMENTS = YES;
				CLANG_WARN_EMPTY_BODY = YES;
				CLANG_WARN_ENUM_CONVERSION = YES;
				CLANG_WARN_INFINITE_RECURSION = YES;
				CLANG_WARN_INT_CONVERSION = YES;
				CLANG_WARN_NON_LITERAL_NULL_CONVERSION = YES;
				CLANG_WARN_OBJC_IMPLICIT_RETAIN_SELF = YES;
				CLANG_WARN_OBJC_LITERAL_CONVERSION = YES;
				CLANG_WARN_OBJC_ROOT_CLASS = YES_ERROR;
				CLANG_WARN_QUOTED_INCLUDE_IN_FRAMEWORK_HEADER = YES;
				CLANG_WARN_RANGE_LOOP_ANALYSIS = YES;
				CLANG_WARN_STRICT_PROTOTYPES = YES;
				CLANG_WARN_SUSPICIOUS_MOVE = YES;
				CLANG_WARN_UNGUARDED_AVAILABILITY = YES_AGGRESSIVE;
				CLANG_WARN_UNREACHABLE_CODE = YES;
				CLANG_WARN__DUPLICATE_METHOD_MATCH = YES;
				COPY_PHASE_STRIP = NO;
				DEBUG_INFORMATION_FORMAT = "dwarf-with-dsym";
				ENABLE_NS_ASSERTIONS = NO;
				ENABLE_STRICT_OBJC_MSGSEND = YES;
				ENABLE_USER_SCRIPT_SANDBOXING = YES;
				GCC_C_LANGUAGE_STANDARD = gnu17;
				GCC_NO_COMMON_BLOCKS = YES;
				GCC_WARN_64_TO_32_BIT_CONVERSION = YES;
				GCC_WARN_ABOUT_RETURN_TYPE = YES_ERROR;
				GCC_WARN_UNDECLARED_SELECTOR = YES;
				GCC_WARN_UNINITIALIZED_AUTOS = YES_AGGRESSIVE;
				GCC_WARN_UNUSED_FUNCTION = YES;
				GCC_WARN_UNUSED_VARIABLE = YES;
				IPHONEOS_DEPLOYMENT_TARGET = 17.2;
				LOCALIZATION_PREFERS_STRING_CATALOGS = YES;
				MTL_ENABLE_DEBUG_INFO = NO;
				MTL_FAST_MATH = YES;
				SDKROOT = iphoneos;
				SWIFT_COMPILATION_MODE = wholemodule;
				VALIDATE_PRODUCT = YES;
			};
			name = Release;
		};
		E8D731282BAA3CCF003D1EF9 /* Debug */ = {
			isa = XCBuildConfiguration;
			buildSettings = {
				ASSETCATALOG_COMPILER_APPICON_NAME = AppIcon;
				ASSETCATALOG_COMPILER_GLOBAL_ACCENT_COLOR_NAME = AccentColor;
				CODE_SIGN_STYLE = Automatic;
				CURRENT_PROJECT_VERSION = 1;
				DEVELOPMENT_ASSET_PATHS = "\"KazkYazilimProject-1/Preview Content\"";
				DEVELOPMENT_TEAM = 7T569GVN5Q;
				ENABLE_PREVIEWS = YES;
				GENERATE_INFOPLIST_FILE = YES;
				INFOPLIST_FILE = "KazkYazilimProject-1/Info.plist";
				INFOPLIST_KEY_UIApplicationSceneManifest_Generation = YES;
				INFOPLIST_KEY_UIApplicationSupportsIndirectInputEvents = YES;
				INFOPLIST_KEY_UILaunchScreen_Generation = YES;
				INFOPLIST_KEY_UISupportedInterfaceOrientations_iPad = "UIInterfaceOrientationPortrait UIInterfaceOrientationPortraitUpsideDown UIInterfaceOrientationLandscapeLeft UIInterfaceOrientationLandscapeRight";
				INFOPLIST_KEY_UISupportedInterfaceOrientations_iPhone = "UIInterfaceOrientationPortrait UIInterfaceOrientationLandscapeLeft UIInterfaceOrientationLandscapeRight";
				LD_RUNPATH_SEARCH_PATHS = (
					"$(inherited)",
					"@executable_path/Frameworks",
				);
				MARKETING_VERSION = 1.0;
				PRODUCT_BUNDLE_IDENTIFIER = "com.agkurt.KazkYazilimProject-1";
				PRODUCT_NAME = "$(TARGET_NAME)";
				SWIFT_EMIT_LOC_STRINGS = YES;
				SWIFT_VERSION = 5.0;
				TARGETED_DEVICE_FAMILY = "1,2";
			};
			name = Debug;
		};
		E8D731292BAA3CCF003D1EF9 /* Release */ = {
			isa = XCBuildConfiguration;
			buildSettings = {
				ASSETCATALOG_COMPILER_APPICON_NAME = AppIcon;
				ASSETCATALOG_COMPILER_GLOBAL_ACCENT_COLOR_NAME = AccentColor;
				CODE_SIGN_STYLE = Automatic;
				CURRENT_PROJECT_VERSION = 1;
				DEVELOPMENT_ASSET_PATHS = "\"KazkYazilimProject-1/Preview Content\"";
				DEVELOPMENT_TEAM = 7T569GVN5Q;
				ENABLE_PREVIEWS = YES;
				GENERATE_INFOPLIST_FILE = YES;
				INFOPLIST_FILE = "KazkYazilimProject-1/Info.plist";
				INFOPLIST_KEY_UIApplicationSceneManifest_Generation = YES;
				INFOPLIST_KEY_UIApplicationSupportsIndirectInputEvents = YES;
				INFOPLIST_KEY_UILaunchScreen_Generation = YES;
				INFOPLIST_KEY_UISupportedInterfaceOrientations_iPad = "UIInterfaceOrientationPortrait UIInterfaceOrientationPortraitUpsideDown UIInterfaceOrientationLandscapeLeft UIInterfaceOrientationLandscapeRight";
				INFOPLIST_KEY_UISupportedInterfaceOrientations_iPhone = "UIInterfaceOrientationPortrait UIInterfaceOrientationLandscapeLeft UIInterfaceOrientationLandscapeRight";
				LD_RUNPATH_SEARCH_PATHS = (
					"$(inherited)",
					"@executable_path/Frameworks",
				);
				MARKETING_VERSION = 1.0;
				PRODUCT_BUNDLE_IDENTIFIER = "com.agkurt.KazkYazilimProject-1";
				PRODUCT_NAME = "$(TARGET_NAME)";
				SWIFT_EMIT_LOC_STRINGS = YES;
				SWIFT_VERSION = 5.0;
				TARGETED_DEVICE_FAMILY = "1,2";
			};
			name = Release;
		};
/* End XCBuildConfiguration section */

/* Begin XCConfigurationList section */
		E8D731142BAA3CCD003D1EF9 /* Build configuration list for PBXProject "KazkYazilimProject-1" */ = {
			isa = XCConfigurationList;
			buildConfigurations = (
				E8D731252BAA3CCF003D1EF9 /* Debug */,
				E8D731262BAA3CCF003D1EF9 /* Release */,
			);
			defaultConfigurationIsVisible = 0;
			defaultConfigurationName = Release;
		};
		E8D731272BAA3CCF003D1EF9 /* Build configuration list for PBXNativeTarget "KazkYazilimProject-1" */ = {
			isa = XCConfigurationList;
			buildConfigurations = (
				E8D731282BAA3CCF003D1EF9 /* Debug */,
				E8D731292BAA3CCF003D1EF9 /* Release */,
			);
			defaultConfigurationIsVisible = 0;
			defaultConfigurationName = Release;
		};
/* End XCConfigurationList section */

/* Begin XCRemoteSwiftPackageReference section */
		E8BF1BE72BB9EBFF00B9FF7A /* XCRemoteSwiftPackageReference "keychain-swift" */ = {
			isa = XCRemoteSwiftPackageReference;
			repositoryURL = "https://github.com/evgenyneu/keychain-swift.git";
			requirement = {
				kind = upToNextMajorVersion;
				minimumVersion = 21.0.0;
			};
		};
/* End XCRemoteSwiftPackageReference section */

/* Begin XCSwiftPackageProductDependency section */
		E8BF1BE82BB9EBFF00B9FF7A /* KeychainSwift */ = {
			isa = XCSwiftPackageProductDependency;
			package = E8BF1BE72BB9EBFF00B9FF7A /* XCRemoteSwiftPackageReference "keychain-swift" */;
			productName = KeychainSwift;
		};
/* End XCSwiftPackageProductDependency section */
	};
	rootObject = E8D731112BAA3CCD003D1EF9 /* Project object */;
}
